
Microsoft Visual Studio Solution File, Format Version 12.00
# Visual Studio Version 16
VisualStudioVersion = 16.0.33423.256
MinimumVisualStudioVersion = 10.0.40219.1
Project("{FAE04EC0-301F-11D3-BF4B-00C04F79EFBC}") = "TIENDA", "TIENDA\TIENDA.csproj", "{96D2A3EF-59C5-445A-AA8B-97D31F083886}"
EndProject
Global
	GlobalSection(SolutionConfigurationPlatforms) = preSolution
		Debug|Any CPU = Debug|Any CPU
		Release|Any CPU = Release|Any CPU
	EndGlobalSection
	GlobalSection(ProjectConfigurationPlatforms) = postSolution
		{96D2A3EF-59C5-445A-AA8B-97D31F083886}.Debug|Any CPU.ActiveCfg = Debug|Any CPU
		{96D2A3EF-59C5-445A-AA8B-97D31F083886}.Debug|Any CPU.Build.0 = Debug|Any CPU
		{96D2A3EF-59C5-445A-AA8B-97D31F083886}.Release|Any CPU.ActiveCfg = Release|Any CPU
		{96D2A3EF-59C5-445A-AA8B-97D31F083886}.Release|Any CPU.Build.0 = Release|Any CPU
	EndGlobalSection
	GlobalSection(SolutionProperties) = preSolution
		HideSolutionNode = FALSE
	EndGlobalSection
	GlobalSection(ExtensibilityGlobals) = postSolution
		SolutionGuid = {479D0082-F25F-44F6-9B6B-32E023BCD554}
	EndGlobalSection
EndGlobal
